# This file is automatically @generated by Cargo.
# It is not intended for manual editing.
version = 4

[[package]]
name = "memvault-bench"
version = "0.1.0"
dependencies = [
 "memvault-core",
]

[[package]]
name = "memvault-cli"
version = "0.1.0"
dependencies = [
 "memvault-core",
]

[[package]]
name = "memvault-core"
version = "0.1.0"

[[package]]
name = "memvault-ffi"
version = "0.1.0"
dependencies = [
 "memvault-core",
]

[[package]]
name = "memvault-server"
version = "0.1.0"
dependencies = [
 "memvault-core",
]
